
Microsoft Visual Studio Solution File, Format Version 12.00
# Visual Studio 15
VisualStudioVersion = 15.0.27004.2005
MinimumVisualStudioVersion = 10.0.40219.1
Project("{FAE04EC0-301F-11D3-BF4B-00C04F79EFBC}") = "Proyecto2", "Proyecto2\Proyecto2.csproj", "{7A3574A1-424A-43DB-9076-236303FDCCC4}"
EndProject
Project("{FAE04EC0-301F-11D3-BF4B-00C04F79EFBC}") = "Proyecto2DataAccess", "Proyecto2DataAccess\Proyecto2DataAccess.csproj", "{FA70966C-764E-4E08-9B34-FF750E10CFE3}"
EndProject
Global
	GlobalSection(SolutionConfigurationPlatforms) = preSolution
		Debug|Any CPU = Debug|Any CPU
		Release|Any CPU = Release|Any CPU
	EndGlobalSection
	GlobalSection(ProjectConfigurationPlatforms) = postSolution
		{7A3574A1-424A-43DB-9076-236303FDCCC4}.Debug|Any CPU.ActiveCfg = Debug|Any CPU
		{7A3574A1-424A-43DB-9076-236303FDCCC4}.Debug|Any CPU.Build.0 = Debug|Any CPU
		{7A3574A1-424A-43DB-9076-236303FDCCC4}.Release|Any CPU.ActiveCfg = Release|Any CPU
		{7A3574A1-424A-43DB-9076-236303FDCCC4}.Release|Any CPU.Build.0 = Release|Any CPU
		{FA70966C-764E-4E08-9B34-FF750E10CFE3}.Debug|Any CPU.ActiveCfg = Debug|Any CPU
		{FA70966C-764E-4E08-9B34-FF750E10CFE3}.Debug|Any CPU.Build.0 = Debug|Any CPU
		{FA70966C-764E-4E08-9B34-FF750E10CFE3}.Release|Any CPU.ActiveCfg = Release|Any CPU
		{FA70966C-764E-4E08-9B34-FF750E10CFE3}.Release|Any CPU.Build.0 = Release|Any CPU
	EndGlobalSection
	GlobalSection(SolutionProperties) = preSolution
		HideSolutionNode = FALSE
	EndGlobalSection
	GlobalSection(ExtensibilityGlobals) = postSolution
		SolutionGuid = {788FB236-483A-4E92-BE4C-56629C98FBA3}
	EndGlobalSection
EndGlobal
